
Microsoft Visual Studio Solution File, Format Version 12.00
# Visual Studio Version 17
VisualStudioVersion = 17.8.34330.188
MinimumVisualStudioVersion = 10.0.40219.1
Project("{8BC9CEB8-8B4A-11D0-8D11-00A0C91BC942}") = "ExampleCode", "ExampleCode.vcxproj", "{ECB2849E-A6BB-444C-9074-50BD1F0DD59B}"
EndProject
Global
	GlobalSection(SolutionConfigurationPlatforms) = preSolution
		Debug|x64 = Debug|x64
		Debug|x86 = Debug|x86
		Release|x64 = Release|x64
		Release|x86 = Release|x86
	EndGlobalSection
	GlobalSection(ProjectConfigurationPlatforms) = postSolution
		{ECB2849E-A6BB-444C-9074-50BD1F0DD59B}.Debug|x64.ActiveCfg = Debug|x64
		{ECB2849E-A6BB-444C-9074-50BD1F0DD59B}.Debug|x64.Build.0 = Debug|x64
		{ECB2849E-A6BB-444C-9074-50BD1F0DD59B}.Debug|x86.ActiveCfg = Debug|Win32
		{ECB2849E-A6BB-444C-9074-50BD1F0DD59B}.Debug|x86.Build.0 = Debug|Win32
		{ECB2849E-A6BB-444C-9074-50BD1F0DD59B}.Release|x64.ActiveCfg = Release|x64
		{ECB2849E-A6BB-444C-9074-50BD1F0DD59B}.Release|x64.Build.0 = Release|x64
		{ECB2849E-A6BB-444C-9074-50BD1F0DD59B}.Release|x86.ActiveCfg = Release|Win32
		{ECB2849E-A6BB-444C-9074-50BD1F0DD59B}.Release|x86.Build.0 = Release|Win32
	EndGlobalSection
	GlobalSection(SolutionProperties) = preSolution
		HideSolutionNode = FALSE
	EndGlobalSection
	GlobalSection(ExtensibilityGlobals) = postSolution
		SolutionGuid = {9A4CBC98-C36C-4FC2-88E2-FBDECAD09A58}
	EndGlobalSection
EndGlobal
